
Microsoft Visual Studio Solution File, Format Version 12.00
Project("{FAE04EC0-301F-11D3-BF4B-00C04F79EFBC}") = "TreasureBackend", "TreasureBackend\TreasureBackend.csproj", "{97F293E8-C014-4CFF-A0A0-AF0BB2DB7A4D}"
EndProject
Project("{FAE04EC0-301F-11D3-BF4B-00C04F79EFBC}") = "TestSolution", "TestSolution\TestSolution.csproj", "{3BCB3A06-DD96-4877-AF5F-4A872CC80294}"
EndProject
Global
	GlobalSection(SolutionConfigurationPlatforms) = preSolution
		Debug|Any CPU = Debug|Any CPU
		Release|Any CPU = Release|Any CPU
	EndGlobalSection
	GlobalSection(ProjectConfigurationPlatforms) = postSolution
		{97F293E8-C014-4CFF-A0A0-AF0BB2DB7A4D}.Debug|Any CPU.ActiveCfg = Debug|Any CPU
		{97F293E8-C014-4CFF-A0A0-AF0BB2DB7A4D}.Debug|Any CPU.Build.0 = Debug|Any CPU
		{97F293E8-C014-4CFF-A0A0-AF0BB2DB7A4D}.Release|Any CPU.ActiveCfg = Release|Any CPU
		{97F293E8-C014-4CFF-A0A0-AF0BB2DB7A4D}.Release|Any CPU.Build.0 = Release|Any CPU
		{3BCB3A06-DD96-4877-AF5F-4A872CC80294}.Debug|Any CPU.ActiveCfg = Debug|Any CPU
		{3BCB3A06-DD96-4877-AF5F-4A872CC80294}.Debug|Any CPU.Build.0 = Debug|Any CPU
		{3BCB3A06-DD96-4877-AF5F-4A872CC80294}.Release|Any CPU.ActiveCfg = Release|Any CPU
		{3BCB3A06-DD96-4877-AF5F-4A872CC80294}.Release|Any CPU.Build.0 = Release|Any CPU
	EndGlobalSection
EndGlobal
